
Microsoft Visual Studio Solution File, Format Version 12.00
# Visual Studio Version 17
VisualStudioVersion = 17.3.32819.101
MinimumVisualStudioVersion = 10.0.40219.1
Project("{FAE04EC0-301F-11D3-BF4B-00C04F79EFBC}") = "SistemaMatriz", "SistemaMatriz\SistemaMatriz.csproj", "{FBD9368A-A8B1-4248-B763-6CBC510F90A2}"
EndProject
Global
	GlobalSection(SolutionConfigurationPlatforms) = preSolution
		Debug|Any CPU = Debug|Any CPU
		Release|Any CPU = Release|Any CPU
	EndGlobalSection
	GlobalSection(ProjectConfigurationPlatforms) = postSolution
		{FBD9368A-A8B1-4248-B763-6CBC510F90A2}.Debug|Any CPU.ActiveCfg = Debug|Any CPU
		{FBD9368A-A8B1-4248-B763-6CBC510F90A2}.Debug|Any CPU.Build.0 = Debug|Any CPU
		{FBD9368A-A8B1-4248-B763-6CBC510F90A2}.Release|Any CPU.ActiveCfg = Release|Any CPU
		{FBD9368A-A8B1-4248-B763-6CBC510F90A2}.Release|Any CPU.Build.0 = Release|Any CPU
	EndGlobalSection
	GlobalSection(SolutionProperties) = preSolution
		HideSolutionNode = FALSE
	EndGlobalSection
	GlobalSection(ExtensibilityGlobals) = postSolution
		SolutionGuid = {165D93CE-6D1B-43EF-8AA4-DF0475D5B408}
	EndGlobalSection
EndGlobal
